<?xml version="1.0" encoding="utf-8"?>
<Project ToolsVersion="4.0" xmlns="http://schemas.microsoft.com/developer/msbuild/2003">
  <ItemGroup>
    <Filter Include="Jasmine">
      <UniqueIdentifier>{AC26B82E-1806-37CA-211E-C2A08D7C9D2B}</UniqueIdentifier>
    </Filter>
    <Filter Include="Jasmine\Events">
      <UniqueIdentifier>{101902BD-FCE6-F5C2-E57A-66E9D1E7D127}</UniqueIdentifier>
    </Filter>
    <Filter Include="Jasmine\ImGUI">
      <UniqueIdentifier>{96E8E5A8-02A9-61DF-CBE3-AA5C3763A6BB}</UniqueIdentifier>
    </Filter>
    <Filter Include="Platform">
      <UniqueIdentifier>{2AC788B4-1694-E3BF-3FAD-D1672BD9184E}</UniqueIdentifier>
    </Filter>
    <Filter Include="Platform\OpenGL">
      <UniqueIdentifier>{1E7D2C1D-8A08-9AE1-9319-1DD6FF23F6E1}</UniqueIdentifier>
    </Filter>
    <Filter Include="Platform\Windows">
      <UniqueIdentifier>{64FBD71A-50F4-F66C-7926-DCF1657ED678}</UniqueIdentifier>
    </Filter>
  </ItemGroup>
  <ItemGroup>
    <ClInclude Include="src\JM_PCH.h" />
    <ClInclude Include="src\Jasmine.h" />
    <ClInclude Include="src\Jasmine\Application.h">
      <Filter>Jasmine</Filter>
    </ClInclude>
    <ClInclude Include="src\Jasmine\Core.h">
      <Filter>Jasmine</Filter>
    </ClInclude>
    <ClInclude Include="src\Jasmine\EntryPoint.h">
      <Filter>Jasmine</Filter>
    </ClInclude>
    <ClInclude Include="src\Jasmine\Events\ApplicationEvent.h">
      <Filter>Jasmine\Events</Filter>
    </ClInclude>
    <ClInclude Include="src\Jasmine\Events\Event.h">
      <Filter>Jasmine\Events</Filter>
    </ClInclude>
    <ClInclude Include="src\Jasmine\Events\KeyEvent.h">
      <Filter>Jasmine\Events</Filter>
    </ClInclude>
    <ClInclude Include="src\Jasmine\Events\MouseEvent.h">
      <Filter>Jasmine\Events</Filter>
    </ClInclude>
    <ClInclude Include="src\Jasmine\ImGUI\ImGuiLayer.h">
      <Filter>Jasmine\ImGUI</Filter>
    </ClInclude>
    <ClInclude Include="src\Jasmine\LayerStack.h">
      <Filter>Jasmine</Filter>
    </ClInclude>
    <ClInclude Include="src\Jasmine\Log.h">
      <Filter>Jasmine</Filter>
    </ClInclude>
    <ClInclude Include="src\Jasmine\Window.h">
      <Filter>Jasmine</Filter>
    </ClInclude>
    <ClInclude Include="src\Jasmine\layer.h">
      <Filter>Jasmine</Filter>
    </ClInclude>
    <ClInclude Include="src\Platform\OpenGL\ImGuiOpenGLRenderer.h">
      <Filter>Platform\OpenGL</Filter>
    </ClInclude>
    <ClInclude Include="src\Platform\OpenGL\imgui_impl_glfw.h">
      <Filter>Platform\OpenGL</Filter>
    </ClInclude>
    <ClInclude Include="src\Platform\OpenGL\imgui_impl_opengl3.h">
      <Filter>Platform\OpenGL</Filter>
    </ClInclude>
    <ClInclude Include="src\Platform\OpenGL\imgui_impl_opengl3_loader.h">
      <Filter>Platform\OpenGL</Filter>
    </ClInclude>
    <ClInclude Include="src\Platform\Windows\WindowsWindow.h">
      <Filter>Platform\Windows</Filter>
    </ClInclude>
    <ClInclude Include="src\Jasmine\Input.h" />
    <ClInclude Include="src\Platform\Windows\WindowsInput.h" />
    <ClInclude Include="src\Jasmine\KeyCodes.h" />
    <ClInclude Include="src\Jasmine\MouseButtonCodes.h" />
  </ItemGroup>
  <ItemGroup>
    <ClCompile Include="src\JM_PCH.cpp" />
    <ClCompile Include="src\Jasmine\Application.cpp">
      <Filter>Jasmine</Filter>
    </ClCompile>
    <ClCompile Include="src\Jasmine\ImGUI\ImGuiLayer.cpp">
      <Filter>Jasmine\ImGUI</Filter>
    </ClCompile>
    <ClCompile Include="src\Jasmine\Layer.cpp">
      <Filter>Jasmine</Filter>
    </ClCompile>
    <ClCompile Include="src\Jasmine\LayerStack.cpp">
      <Filter>Jasmine</Filter>
    </ClCompile>
    <ClCompile Include="src\Jasmine\Log.cpp">
      <Filter>Jasmine</Filter>
    </ClCompile>
    <ClCompile Include="src\Platform\OpenGL\imgui_impl_glfw.cpp">
      <Filter>Platform\OpenGL</Filter>
    </ClCompile>
    <ClCompile Include="src\Platform\OpenGL\imgui_impl_opengl3.cpp">
      <Filter>Platform\OpenGL</Filter>
    </ClCompile>
    <ClCompile Include="src\Platform\Windows\WindowsWindow.cpp">
      <Filter>Platform\Windows</Filter>
    </ClCompile>
    <ClCompile Include="src\Platform\Windows\WindowsInput.cpp" />
  </ItemGroup>
</Project>